
Microsoft Visual Studio Solution File, Format Version 12.00
# Visual Studio Version 17
VisualStudioVersion = 17.7.34009.444
MinimumVisualStudioVersion = 10.0.40219.1
Project("{FAE04EC0-301F-11D3-BF4B-00C04F79EFBC}") = "AlmacenFerreyra", "AlmacenFerreyra\AlmacenFerreyra.csproj", "{1B37280B-B204-4A97-8368-CD98DA6524DE}"
EndProject
Global
	GlobalSection(SolutionConfigurationPlatforms) = preSolution
		Debug|Any CPU = Debug|Any CPU
		Release|Any CPU = Release|Any CPU
	EndGlobalSection
	GlobalSection(ProjectConfigurationPlatforms) = postSolution
		{1B37280B-B204-4A97-8368-CD98DA6524DE}.Debug|Any CPU.ActiveCfg = Debug|Any CPU
		{1B37280B-B204-4A97-8368-CD98DA6524DE}.Debug|Any CPU.Build.0 = Debug|Any CPU
		{1B37280B-B204-4A97-8368-CD98DA6524DE}.Release|Any CPU.ActiveCfg = Release|Any CPU
		{1B37280B-B204-4A97-8368-CD98DA6524DE}.Release|Any CPU.Build.0 = Release|Any CPU
	EndGlobalSection
	GlobalSection(SolutionProperties) = preSolution
		HideSolutionNode = FALSE
	EndGlobalSection
	GlobalSection(ExtensibilityGlobals) = postSolution
		SolutionGuid = {495CD856-0653-474C-9008-F7907C10E814}
	EndGlobalSection
EndGlobal
